<?xml version="1.0" encoding="utf-8"?>
<Project ToolsVersion="4.0" xmlns="http://schemas.microsoft.com/developer/msbuild/2003">
  <ItemGroup>
    <Filter Include="Source Files">
      <UniqueIdentifier>{4FC737F1-C7A5-4376-A066-2A32D752A2FF}</UniqueIdentifier>
      <Extensions>cpp;c;cc;cxx;def;odl;idl;hpj;bat;asm;asmx</Extensions>
    </Filter>
    <Filter Include="Header Files">
      <UniqueIdentifier>{93995380-89BD-4b04-88EB-625FBE52EBFB}</UniqueIdentifier>
      <Extensions>h;hpp;hxx;hm;inl;inc;xsd</Extensions>
    </Filter>
    <Filter Include="Resource Files">
      <UniqueIdentifier>{67DA6AB6-F800-4c08-8B7A-83BB121AAD01}</UniqueIdentifier>
      <Extensions>rc;ico;cur;bmp;dlg;rc2;rct;bin;rgs;gif;jpg;jpeg;jpe;resx;tiff;tif;png;wav;mfcribbon-ms</Extensions>
    </Filter>
    <Filter Include="phxcommon">
      <UniqueIdentifier>{dd00138d-ddf1-4175-893b-7c9a35daec63}</UniqueIdentifier>
    </Filter>
    <Filter Include="phxcommon\include">
      <UniqueIdentifier>{ed00bd4e-2250-492f-a733-e57792bd7781}</UniqueIdentifier>
    </Filter>
    <Filter Include="phxcommon\source">
      <UniqueIdentifier>{954e305d-ddb4-4579-b7be-512b8f237424}</UniqueIdentifier>
    </Filter>
    <Filter Include="soil">
      <UniqueIdentifier>{efee3471-d334-47ed-9195-65400ada06e2}</UniqueIdentifier>
    </Filter>
    <Filter Include="shaders">
      <UniqueIdentifier>{73b97daf-4a3e-475a-bbe4-d2edc48603ee}</UniqueIdentifier>
    </Filter>
  </ItemGroup>
  <ItemGroup>
    <Text Include="ReadMe.txt" />
    <Text Include="shaders\grid_fshader.txt">
      <Filter>shaders</Filter>
    </Text>
    <Text Include="shaders\grid_vshader.txt">
      <Filter>shaders</Filter>
    </Text>
    <Text Include="shaders\terrain_fshader.txt">
      <Filter>shaders</Filter>
    </Text>
    <Text Include="shaders\terrain_vshader.txt">
      <Filter>shaders</Filter>
    </Text>
    <Text Include="shaders\model_fshader.txt">
      <Filter>shaders</Filter>
    </Text>
    <Text Include="shaders\model_vshader.txt">
      <Filter>shaders</Filter>
    </Text>
  </ItemGroup>
  <ItemGroup>
    <ClInclude Include="PhxWorldEditor.h">
      <Filter>Header Files</Filter>
    </ClInclude>
    <ClInclude Include="stdafx.h">
      <Filter>Header Files</Filter>
    </ClInclude>
    <ClInclude Include="targetver.h">
      <Filter>Header Files</Filter>
    </ClInclude>
    <ClInclude Include="MainFrm.h">
      <Filter>Header Files</Filter>
    </ClInclude>
    <ClInclude Include="PhxWorldEditorDoc.h">
      <Filter>Header Files</Filter>
    </ClInclude>
    <ClInclude Include="PhxWorldEditorView.h">
      <Filter>Header Files</Filter>
    </ClInclude>
    <ClInclude Include="Resource.h">
      <Filter>Header Files</Filter>
    </ClInclude>
    <ClInclude Include="FileView.h">
      <Filter>Header Files</Filter>
    </ClInclude>
    <ClInclude Include="ClassView.h">
      <Filter>Header Files</Filter>
    </ClInclude>
    <ClInclude Include="ViewTree.h">
      <Filter>Header Files</Filter>
    </ClInclude>
    <ClInclude Include="OutputWnd.h">
      <Filter>Header Files</Filter>
    </ClInclude>
    <ClInclude Include="PropertiesWnd.h">
      <Filter>Header Files</Filter>
    </ClInclude>
    <ClInclude Include="..\..\soil\image_DXT.h">
      <Filter>soil</Filter>
    </ClInclude>
    <ClInclude Include="..\..\soil\image_helper.h">
      <Filter>soil</Filter>
    </ClInclude>
    <ClInclude Include="..\..\soil\SOIL.h">
      <Filter>soil</Filter>
    </ClInclude>
    <ClInclude Include="..\..\soil\stb_image_aug.h">
      <Filter>soil</Filter>
    </ClInclude>
    <ClInclude Include="..\..\soil\stbi_DDS_aug.h">
      <Filter>soil</Filter>
    </ClInclude>
    <ClInclude Include="..\..\soil\stbi_DDS_aug_c.h">
      <Filter>soil</Filter>
    </ClInclude>
    <ClInclude Include="..\..\phxcommon\include\Camera.h">
      <Filter>phxcommon\include</Filter>
    </ClInclude>
    <ClInclude Include="..\..\phxcommon\include\common.h">
      <Filter>phxcommon\include</Filter>
    </ClInclude>
    <ClInclude Include="..\..\phxcommon\include\GLShaderFx.h">
      <Filter>phxcommon\include</Filter>
    </ClInclude>
    <ClInclude Include="..\..\phxcommon\include\Log.h">
      <Filter>phxcommon\include</Filter>
    </ClInclude>
    <ClInclude Include="..\..\phxcommon\include\MD5Model.h">
      <Filter>phxcommon\include</Filter>
    </ClInclude>
    <ClInclude Include="..\..\phxcommon\include\Model3D.h">
      <Filter>phxcommon\include</Filter>
    </ClInclude>
    <ClInclude Include="..\..\phxcommon\include\OBJModel.h">
      <Filter>phxcommon\include</Filter>
    </ClInclude>
    <ClInclude Include="..\..\phxcommon\include\PathUtility.h">
      <Filter>phxcommon\include</Filter>
    </ClInclude>
    <ClInclude Include="..\..\phxcommon\include\TextureLoader.h">
      <Filter>phxcommon\include</Filter>
    </ClInclude>
    <ClInclude Include="GenTerrainDlg.h">
      <Filter>Header Files</Filter>
    </ClInclude>
    <ClInclude Include="HeightEditDlg.h">
      <Filter>Header Files</Filter>
    </ClInclude>
    <ClInclude Include="TerrainShaderFx.h">
      <Filter>Header Files</Filter>
    </ClInclude>
    <ClInclude Include="..\..\phxcommon\include\Terrain.h">
      <Filter>phxcommon\include</Filter>
    </ClInclude>
    <ClInclude Include="TerrainTextureDlg.h">
      <Filter>Header Files</Filter>
    </ClInclude>
    <ClInclude Include="AdvanceTexDlg.h">
      <Filter>Header Files</Filter>
    </ClInclude>
    <ClInclude Include="Model3DDlg.h">
      <Filter>Header Files</Filter>
    </ClInclude>
    <ClInclude Include="NodeListDlg.h">
      <Filter>Header Files</Filter>
    </ClInclude>
    <ClInclude Include="SceneObject.h">
      <Filter>Header Files</Filter>
    </ClInclude>
    <ClInclude Include="ModelShaderFx.h">
      <Filter>Header Files</Filter>
    </ClInclude>
    <ClInclude Include="..\..\phxcommon\include\BoundingBox.h">
      <Filter>phxcommon\include</Filter>
    </ClInclude>
    <ClInclude Include="MovementSettingsDlg.h">
      <Filter>Header Files</Filter>
    </ClInclude>
  </ItemGroup>
  <ItemGroup>
    <ClCompile Include="PhxWorldEditor.cpp">
      <Filter>Source Files</Filter>
    </ClCompile>
    <ClCompile Include="stdafx.cpp">
      <Filter>Source Files</Filter>
    </ClCompile>
    <ClCompile Include="MainFrm.cpp">
      <Filter>Source Files</Filter>
    </ClCompile>
    <ClCompile Include="PhxWorldEditorDoc.cpp">
      <Filter>Source Files</Filter>
    </ClCompile>
    <ClCompile Include="PhxWorldEditorView.cpp">
      <Filter>Source Files</Filter>
    </ClCompile>
    <ClCompile Include="FileView.cpp">
      <Filter>Source Files</Filter>
    </ClCompile>
    <ClCompile Include="ViewTree.cpp">
      <Filter>Source Files</Filter>
    </ClCompile>
    <ClCompile Include="OutputWnd.cpp">
      <Filter>Source Files</Filter>
    </ClCompile>
    <ClCompile Include="PropertiesWnd.cpp">
      <Filter>Source Files</Filter>
    </ClCompile>
    <ClCompile Include="..\..\soil\image_DXT.c">
      <Filter>soil</Filter>
    </ClCompile>
    <ClCompile Include="..\..\soil\image_helper.c">
      <Filter>soil</Filter>
    </ClCompile>
    <ClCompile Include="..\..\soil\SOIL.c">
      <Filter>soil</Filter>
    </ClCompile>
    <ClCompile Include="..\..\soil\stb_image_aug.c">
      <Filter>soil</Filter>
    </ClCompile>
    <ClCompile Include="..\..\phxcommon\source\Camera.cpp">
      <Filter>phxcommon\source</Filter>
    </ClCompile>
    <ClCompile Include="..\..\phxcommon\source\GLShaderFx.cpp">
      <Filter>phxcommon\source</Filter>
    </ClCompile>
    <ClCompile Include="..\..\phxcommon\source\Log.cpp">
      <Filter>phxcommon\source</Filter>
    </ClCompile>
    <ClCompile Include="..\..\phxcommon\source\MD5Model.cpp">
      <Filter>phxcommon\source</Filter>
    </ClCompile>
    <ClCompile Include="..\..\phxcommon\source\Model3D.cpp">
      <Filter>phxcommon\source</Filter>
    </ClCompile>
    <ClCompile Include="..\..\phxcommon\source\OBJModel.cpp">
      <Filter>phxcommon\source</Filter>
    </ClCompile>
    <ClCompile Include="..\..\phxcommon\source\PathUtility.cpp">
      <Filter>phxcommon\source</Filter>
    </ClCompile>
    <ClCompile Include="..\..\phxcommon\source\TextureLoader.cpp">
      <Filter>phxcommon\source</Filter>
    </ClCompile>
    <ClCompile Include="GenTerrainDlg.cpp">
      <Filter>Source Files</Filter>
    </ClCompile>
    <ClCompile Include="HeightEditDlg.cpp">
      <Filter>Source Files</Filter>
    </ClCompile>
    <ClCompile Include="TerrainShaderFx.cpp">
      <Filter>Source Files</Filter>
    </ClCompile>
    <ClCompile Include="..\..\phxcommon\source\Terrain.cpp">
      <Filter>phxcommon\source</Filter>
    </ClCompile>
    <ClCompile Include="TerrainTextureDlg.cpp">
      <Filter>Source Files</Filter>
    </ClCompile>
    <ClCompile Include="AdvanceTexDlg.cpp">
      <Filter>Source Files</Filter>
    </ClCompile>
    <ClCompile Include="Model3DDlg.cpp">
      <Filter>Source Files</Filter>
    </ClCompile>
    <ClCompile Include="NodeListDlg.cpp">
      <Filter>Source Files</Filter>
    </ClCompile>
    <ClCompile Include="ModelShaderFx.cpp">
      <Filter>Source Files</Filter>
    </ClCompile>
    <ClCompile Include="SceneObject.cpp">
      <Filter>Source Files</Filter>
    </ClCompile>
    <ClCompile Include="..\..\phxcommon\source\BoundingBox.cpp">
      <Filter>phxcommon\source</Filter>
    </ClCompile>
    <ClCompile Include="MovementSettingsDlg.cpp">
      <Filter>Source Files</Filter>
    </ClCompile>
    <ClCompile Include="..\..\phxcommon\source\Frustum.cpp">
      <Filter>phxcommon\source</Filter>
    </ClCompile>
    <ClCompile Include="..\..\phxcommon\source\Plane.cpp">
      <Filter>phxcommon\source</Filter>
    </ClCompile>
    <ClCompile Include="EnvSettingsDlg.cpp">
      <Filter>Source Files</Filter>
    </ClCompile>
    <ClCompile Include="CommonLightShader.cpp">
      <Filter>Source Files</Filter>
    </ClCompile>
  </ItemGroup>
  <ItemGroup>
    <ResourceCompile Include="PhxWorldEditor.rc">
      <Filter>Resource Files</Filter>
    </ResourceCompile>
  </ItemGroup>
  <ItemGroup>
    <Image Include="res\file_view.ico">
      <Filter>Resource Files</Filter>
    </Image>
    <Image Include="res\file_view_hc.ico">
      <Filter>Resource Files</Filter>
    </Image>
    <Image Include="res\class_view.ico">
      <Filter>Resource Files</Filter>
    </Image>
    <Image Include="res\class_view_hc.ico">
      <Filter>Resource Files</Filter>
    </Image>
    <Image Include="res\fileview.bmp">
      <Filter>Resource Files</Filter>
    </Image>
    <Image Include="res\fileview_hc.bmp">
      <Filter>Resource Files</Filter>
    </Image>
    <Image Include="res\classview.bmp">
      <Filter>Resource Files</Filter>
    </Image>
    <Image Include="res\classview_hc.bmp">
      <Filter>Resource Files</Filter>
    </Image>
    <Image Include="res\explorer.bmp">
      <Filter>Resource Files</Filter>
    </Image>
    <Image Include="res\explorer_hc.bmp">
      <Filter>Resource Files</Filter>
    </Image>
    <Image Include="res\sort.bmp">
      <Filter>Resource Files</Filter>
    </Image>
    <Image Include="res\sort_hc.bmp">
      <Filter>Resource Files</Filter>
    </Image>
    <Image Include="res\menuimages.bmp">
      <Filter>Resource Files</Filter>
    </Image>
    <Image Include="res\menuimages_hc.bmp">
      <Filter>Resource Files</Filter>
    </Image>
    <Image Include="res\output_wnd.ico">
      <Filter>Resource Files</Filter>
    </Image>
    <Image Include="res\output_wnd_hc.ico">
      <Filter>Resource Files</Filter>
    </Image>
    <Image Include="res\properties_wnd.ico">
      <Filter>Resource Files</Filter>
    </Image>
    <Image Include="res\properties_wnd_hc.ico">
      <Filter>Resource Files</Filter>
    </Image>
    <Image Include="res\properties.bmp">
      <Filter>Resource Files</Filter>
    </Image>
    <Image Include="res\properties_hc.bmp">
      <Filter>Resource Files</Filter>
    </Image>
    <Image Include="UserImages.bmp">
      <Filter>Resource Files</Filter>
    </Image>
    <Image Include="res\PhxWorldEditorDoc.ico">
      <Filter>Resource Files</Filter>
    </Image>
    <Image Include="res\PhxWorldEditor.ico">
      <Filter>Resource Files</Filter>
    </Image>
    <Image Include="res\Toolbar.bmp">
      <Filter>Resource Files</Filter>
    </Image>
    <Image Include="res\Toolbar256.bmp">
      <Filter>Resource Files</Filter>
    </Image>
    <Image Include="res\toolbar1.bmp">
      <Filter>Resource Files</Filter>
    </Image>
    <Image Include="res\camera.bmp">
      <Filter>Resource Files</Filter>
    </Image>
  </ItemGroup>
  <ItemGroup>
    <None Include="res\PhxWorldEditor.rc2">
      <Filter>Resource Files</Filter>
    </None>
  </ItemGroup>
</Project>