<?xml version="1.0" encoding="utf-8"?>
<Project ToolsVersion="4.0" xmlns="http://schemas.microsoft.com/developer/msbuild/2003">
  <ItemGroup>
    <Filter Include="Source Files">
      <UniqueIdentifier>{4FC737F1-C7A5-4376-A066-2A32D752A2FF}</UniqueIdentifier>
      <Extensions>cpp;c;cc;cxx;def;odl;idl;hpj;bat;asm;asmx</Extensions>
    </Filter>
    <Filter Include="Header Files">
      <UniqueIdentifier>{93995380-89BD-4b04-88EB-625FBE52EBFB}</UniqueIdentifier>
      <Extensions>h;hpp;hxx;hm;inl;inc;xsd</Extensions>
    </Filter>
    <Filter Include="Resource Files">
      <UniqueIdentifier>{67DA6AB6-F800-4c08-8B7A-83BB121AAD01}</UniqueIdentifier>
      <Extensions>rc;ico;cur;bmp;dlg;rc2;rct;bin;rgs;gif;jpg;jpeg;jpe;resx;tiff;tif;png;wav;mfcribbon-ms</Extensions>
    </Filter>
    <Filter Include="soil">
      <UniqueIdentifier>{dca9db28-4092-45ab-a005-e53ca37688c8}</UniqueIdentifier>
    </Filter>
    <Filter Include="shaders">
      <UniqueIdentifier>{17608633-388f-4e52-a8e1-d13a45608b09}</UniqueIdentifier>
    </Filter>
    <Filter Include="phxcommon">
      <UniqueIdentifier>{600fe65f-ee33-4750-b916-53812d8e69dd}</UniqueIdentifier>
    </Filter>
    <Filter Include="phxcommon\include">
      <UniqueIdentifier>{88b46c31-9bbb-4c1c-98e4-94ecf15d1169}</UniqueIdentifier>
    </Filter>
    <Filter Include="phxcommon\source">
      <UniqueIdentifier>{a3d408f8-f00e-49ed-a55e-45efeb2c0964}</UniqueIdentifier>
    </Filter>
  </ItemGroup>
  <ItemGroup>
    <ClCompile Include="..\Phoenix\Phoenix.cpp">
      <Filter>Source Files</Filter>
    </ClCompile>
    <ClCompile Include="..\Phoenix\PhoenixDlg.cpp">
      <Filter>Source Files</Filter>
    </ClCompile>
    <ClCompile Include="..\Phoenix\stdafx.cpp">
      <Filter>Source Files</Filter>
    </ClCompile>
    <ClCompile Include="..\Phoenix\OpenGLWnd.cpp">
      <Filter>Source Files</Filter>
    </ClCompile>
    <ClCompile Include="..\Phoenix\AnimationLstDlg.cpp">
      <Filter>Source Files</Filter>
    </ClCompile>
    <ClCompile Include="..\..\soil\image_DXT.c">
      <Filter>soil</Filter>
    </ClCompile>
    <ClCompile Include="..\..\soil\image_helper.c">
      <Filter>soil</Filter>
    </ClCompile>
    <ClCompile Include="..\..\soil\SOIL.c">
      <Filter>soil</Filter>
    </ClCompile>
    <ClCompile Include="..\..\soil\stb_image_aug.c">
      <Filter>soil</Filter>
    </ClCompile>
    <ClCompile Include="..\..\phxcommon\source\Camera.cpp">
      <Filter>phxcommon\source</Filter>
    </ClCompile>
    <ClCompile Include="..\..\phxcommon\source\GLShaderFx.cpp">
      <Filter>phxcommon\source</Filter>
    </ClCompile>
    <ClCompile Include="..\..\phxcommon\source\MD5Model.cpp">
      <Filter>phxcommon\source</Filter>
    </ClCompile>
    <ClCompile Include="..\..\phxcommon\source\Model3D.cpp">
      <Filter>phxcommon\source</Filter>
    </ClCompile>
    <ClCompile Include="..\..\phxcommon\source\OBJModel.cpp">
      <Filter>phxcommon\source</Filter>
    </ClCompile>
    <ClCompile Include="..\..\phxcommon\source\TextureLoader.cpp">
      <Filter>phxcommon\source</Filter>
    </ClCompile>
    <ClCompile Include="..\..\phxcommon\source\Log.cpp">
      <Filter>phxcommon\source</Filter>
    </ClCompile>
    <ClCompile Include="..\..\phxcommon\source\PathUtility.cpp">
      <Filter>phxcommon\source</Filter>
    </ClCompile>
  </ItemGroup>
  <ItemGroup>
    <ClInclude Include="..\Phoenix\Phoenix.h">
      <Filter>Header Files</Filter>
    </ClInclude>
    <ClInclude Include="..\Phoenix\PhoenixDlg.h">
      <Filter>Header Files</Filter>
    </ClInclude>
    <ClInclude Include="..\Phoenix\Resource.h">
      <Filter>Header Files</Filter>
    </ClInclude>
    <ClInclude Include="..\Phoenix\stdafx.h">
      <Filter>Header Files</Filter>
    </ClInclude>
    <ClInclude Include="..\Phoenix\targetver.h">
      <Filter>Header Files</Filter>
    </ClInclude>
    <ClInclude Include="..\Phoenix\OpenGLWnd.h">
      <Filter>Header Files</Filter>
    </ClInclude>
    <ClInclude Include="..\Phoenix\AnimationLstDlg.h">
      <Filter>Header Files</Filter>
    </ClInclude>
    <ClInclude Include="..\..\soil\image_DXT.h">
      <Filter>soil</Filter>
    </ClInclude>
    <ClInclude Include="..\..\soil\image_helper.h">
      <Filter>soil</Filter>
    </ClInclude>
    <ClInclude Include="..\..\soil\SOIL.h">
      <Filter>soil</Filter>
    </ClInclude>
    <ClInclude Include="..\..\soil\stb_image_aug.h">
      <Filter>soil</Filter>
    </ClInclude>
    <ClInclude Include="..\..\soil\stbi_DDS_aug.h">
      <Filter>soil</Filter>
    </ClInclude>
    <ClInclude Include="..\..\soil\stbi_DDS_aug_c.h">
      <Filter>soil</Filter>
    </ClInclude>
    <ClInclude Include="..\..\phxcommon\include\Camera.h">
      <Filter>phxcommon\include</Filter>
    </ClInclude>
    <ClInclude Include="..\..\phxcommon\include\common.h">
      <Filter>phxcommon\include</Filter>
    </ClInclude>
    <ClInclude Include="..\..\phxcommon\include\GLShaderFx.h">
      <Filter>phxcommon\include</Filter>
    </ClInclude>
    <ClInclude Include="..\..\phxcommon\include\MD5Model.h">
      <Filter>phxcommon\include</Filter>
    </ClInclude>
    <ClInclude Include="..\..\phxcommon\include\Model3D.h">
      <Filter>phxcommon\include</Filter>
    </ClInclude>
    <ClInclude Include="..\..\phxcommon\include\OBJModel.h">
      <Filter>phxcommon\include</Filter>
    </ClInclude>
    <ClInclude Include="..\..\phxcommon\include\stdafx.h">
      <Filter>phxcommon\include</Filter>
    </ClInclude>
    <ClInclude Include="..\..\phxcommon\include\targetver.h">
      <Filter>phxcommon\include</Filter>
    </ClInclude>
    <ClInclude Include="..\..\phxcommon\include\TextureLoader.h">
      <Filter>phxcommon\include</Filter>
    </ClInclude>
    <ClInclude Include="..\..\phxcommon\include\Log.h">
      <Filter>phxcommon\include</Filter>
    </ClInclude>
    <ClInclude Include="..\..\phxcommon\include\PathUtility.h">
      <Filter>phxcommon\include</Filter>
    </ClInclude>
  </ItemGroup>
  <ItemGroup>
    <ResourceCompile Include="..\Phoenix\Phoenix.rc">
      <Filter>Resource Files</Filter>
    </ResourceCompile>
  </ItemGroup>
  <ItemGroup>
    <None Include="..\Phoenix\res\Phoenix.ico">
      <Filter>Resource Files</Filter>
    </None>
    <None Include="..\Phoenix\res\Phoenix.rc2">
      <Filter>Resource Files</Filter>
    </None>
    <None Include="..\Phoenix\shaders\global_fshader.txt">
      <Filter>shaders</Filter>
    </None>
    <None Include="..\Phoenix\shaders\global_vshader.txt">
      <Filter>shaders</Filter>
    </None>
  </ItemGroup>
</Project>